
Microsoft Visual Studio Solution File, Format Version 12.00
# Visual Studio Version 16
VisualStudioVersion = 16.0.30204.135
MinimumVisualStudioVersion = 10.0.40219.1
Project("{FAE04EC0-301F-11D3-BF4B-00C04F79EFBC}") = "pamela-soulis-project1.DataAccess", "pamela-soulis-project1.DataAccess\pamela-soulis-project1.DataAccess.csproj", "{BE5D9A3E-7148-437D-A3E6-A2B58DABAA53}"
EndProject
Global
	GlobalSection(SolutionConfigurationPlatforms) = preSolution
		Debug|Any CPU = Debug|Any CPU
		Release|Any CPU = Release|Any CPU
	EndGlobalSection
	GlobalSection(ProjectConfigurationPlatforms) = postSolution
		{BE5D9A3E-7148-437D-A3E6-A2B58DABAA53}.Debug|Any CPU.ActiveCfg = Debug|Any CPU
		{BE5D9A3E-7148-437D-A3E6-A2B58DABAA53}.Debug|Any CPU.Build.0 = Debug|Any CPU
		{BE5D9A3E-7148-437D-A3E6-A2B58DABAA53}.Release|Any CPU.ActiveCfg = Release|Any CPU
		{BE5D9A3E-7148-437D-A3E6-A2B58DABAA53}.Release|Any CPU.Build.0 = Release|Any CPU
	EndGlobalSection
	GlobalSection(SolutionProperties) = preSolution
		HideSolutionNode = FALSE
	EndGlobalSection
	GlobalSection(ExtensibilityGlobals) = postSolution
		SolutionGuid = {4C58B29D-C5AD-4765-BAF7-18656AE30B29}
	EndGlobalSection
EndGlobal
